// !$*UTF8*$!
{
	archiveVersion = 1;
	classes = {
	};
	objectVersion = 48;
	objects = {

/* Begin PBXBuildFile section */
		178830B24D30249BB7585F9B /* Pods_breakpoint.framework in Frameworks */ = {isa = PBXBuildFile; fileRef = AE4DDA6EC28530928BD48891 /* Pods_breakpoint.framework */; };
		CE139C281FBC9EE000854648 /* DataService.swift in Sources */ = {isa = PBXBuildFile; fileRef = CE139C271FBC9EE000854648 /* DataService.swift */; };
		CE139C2A1FBCB74400854648 /* AuthVC.swift in Sources */ = {isa = PBXBuildFile; fileRef = CE139C291FBCB74400854648 /* AuthVC.swift */; };
		CE139C2C1FBCB78800854648 /* LoginVC.swift in Sources */ = {isa = PBXBuildFile; fileRef = CE139C2B1FBCB78800854648 /* LoginVC.swift */; };
		CE139C2E1FBCB7E800854648 /* InsetTextField.swift in Sources */ = {isa = PBXBuildFile; fileRef = CE139C2D1FBCB7E800854648 /* InsetTextField.swift */; };
		CE139C301FBCCC4B00854648 /* ShadowView.swift in Sources */ = {isa = PBXBuildFile; fileRef = CE139C2F1FBCCC4B00854648 /* ShadowView.swift */; };
		CE139C321FBCCEB400854648 /* AuthService.swift in Sources */ = {isa = PBXBuildFile; fileRef = CE139C311FBCCEB400854648 /* AuthService.swift */; };
		CE57ADDA1FBBA772009A7813 /* AppDelegate.swift in Sources */ = {isa = PBXBuildFile; fileRef = CE57ADD91FBBA772009A7813 /* AppDelegate.swift */; };
		CE57ADDC1FBBA772009A7813 /* FeedVC.swift in Sources */ = {isa = PBXBuildFile; fileRef = CE57ADDB1FBBA772009A7813 /* FeedVC.swift */; };
		CE57ADDE1FBBA772009A7813 /* GroupsVC.swift in Sources */ = {isa = PBXBuildFile; fileRef = CE57ADDD1FBBA772009A7813 /* GroupsVC.swift */; };
		CE57ADE11FBBA772009A7813 /* Main.storyboard in Resources */ = {isa = PBXBuildFile; fileRef = CE57ADDF1FBBA772009A7813 /* Main.storyboard */; };
		CE57ADE31FBBA772009A7813 /* Assets.xcassets in Resources */ = {isa = PBXBuildFile; fileRef = CE57ADE21FBBA772009A7813 /* Assets.xcassets */; };
		CE57ADE61FBBA772009A7813 /* LaunchScreen.storyboard in Resources */ = {isa = PBXBuildFile; fileRef = CE57ADE41FBBA772009A7813 /* LaunchScreen.storyboard */; };
		CE57ADF31FBBB10B009A7813 /* GoogleService-Info.plist in Resources */ = {isa = PBXBuildFile; fileRef = CE57ADF21FBBB10B009A7813 /* GoogleService-Info.plist */; };
/* End PBXBuildFile section */

/* Begin PBXFileReference section */
		06DAEE90D79EBE84BB88613B /* Pods-breakpoint.release.xcconfig */ = {isa = PBXFileReference; includeInIndex = 1; lastKnownFileType = text.xcconfig; name = "Pods-breakpoint.release.xcconfig"; path = "Pods/Target Support Files/Pods-breakpoint/Pods-breakpoint.release.xcconfig"; sourceTree = "<group>"; };
		0916501B8EE5AF7E69A462BF /* Pods-breakpoint.debug.xcconfig */ = {isa = PBXFileReference; includeInIndex = 1; lastKnownFileType = text.xcconfig; name = "Pods-breakpoint.debug.xcconfig"; path = "Pods/Target Support Files/Pods-breakpoint/Pods-breakpoint.debug.xcconfig"; sourceTree = "<group>"; };
		AE4DDA6EC28530928BD48891 /* Pods_breakpoint.framework */ = {isa = PBXFileReference; explicitFileType = wrapper.framework; includeInIndex = 0; path = Pods_breakpoint.framework; sourceTree = BUILT_PRODUCTS_DIR; };
		CE139C271FBC9EE000854648 /* DataService.swift */ = {isa = PBXFileReference; lastKnownFileType = sourcecode.swift; path = DataService.swift; sourceTree = "<group>"; };
		CE139C291FBCB74400854648 /* AuthVC.swift */ = {isa = PBXFileReference; lastKnownFileType = sourcecode.swift; path = AuthVC.swift; sourceTree = "<group>"; };
		CE139C2B1FBCB78800854648 /* LoginVC.swift */ = {isa = PBXFileReference; lastKnownFileType = sourcecode.swift; path = LoginVC.swift; sourceTree = "<group>"; };
		CE139C2D1FBCB7E800854648 /* InsetTextField.swift */ = {isa = PBXFileReference; lastKnownFileType = sourcecode.swift; path = InsetTextField.swift; sourceTree = "<group>"; };
		CE139C2F1FBCCC4B00854648 /* ShadowView.swift */ = {isa = PBXFileReference; lastKnownFileType = sourcecode.swift; path = ShadowView.swift; sourceTree = "<group>"; };
		CE139C311FBCCEB400854648 /* AuthService.swift */ = {isa = PBXFileReference; lastKnownFileType = sourcecode.swift; path = AuthService.swift; sourceTree = "<group>"; };
		CE57ADD61FBBA772009A7813 /* breakpoint.app */ = {isa = PBXFileReference; explicitFileType = wrapper.application; includeInIndex = 0; path = breakpoint.app; sourceTree = BUILT_PRODUCTS_DIR; };
		CE57ADD91FBBA772009A7813 /* AppDelegate.swift */ = {isa = PBXFileReference; lastKnownFileType = sourcecode.swift; path = AppDelegate.swift; sourceTree = "<group>"; };
		CE57ADDB1FBBA772009A7813 /* FeedVC.swift */ = {isa = PBXFileReference; lastKnownFileType = sourcecode.swift; path = FeedVC.swift; sourceTree = "<group>"; };
		CE57ADDD1FBBA772009A7813 /* GroupsVC.swift */ = {isa = PBXFileReference; lastKnownFileType = sourcecode.swift; path = GroupsVC.swift; sourceTree = "<group>"; };
		CE57ADE01FBBA772009A7813 /* Base */ = {isa = PBXFileReference; lastKnownFileType = file.storyboard; name = Base; path = Base.lproj/Main.storyboard; sourceTree = "<group>"; };
		CE57ADE21FBBA772009A7813 /* Assets.xcassets */ = {isa = PBXFileReference; lastKnownFileType = folder.assetcatalog; path = Assets.xcassets; sourceTree = "<group>"; };
		CE57ADE51FBBA772009A7813 /* Base */ = {isa = PBXFileReference; lastKnownFileType = file.storyboard; name = Base; path = Base.lproj/LaunchScreen.storyboard; sourceTree = "<group>"; };
		CE57ADE71FBBA772009A7813 /* Info.plist */ = {isa = PBXFileReference; lastKnownFileType = text.plist.xml; path = Info.plist; sourceTree = "<group>"; };
		CE57ADF21FBBB10B009A7813 /* GoogleService-Info.plist */ = {isa = PBXFileReference; fileEncoding = 4; lastKnownFileType = text.plist.xml; path = "GoogleService-Info.plist"; sourceTree = "<group>"; };
/* End PBXFileReference section */

/* Begin PBXFrameworksBuildPhase section */
		CE57ADD31FBBA772009A7813 /* Frameworks */ = {
			isa = PBXFrameworksBuildPhase;
			buildActionMask = 2147483647;
			files = (
				178830B24D30249BB7585F9B /* Pods_breakpoint.framework in Frameworks */,
			);
			runOnlyForDeploymentPostprocessing = 0;
		};
/* End PBXFrameworksBuildPhase section */

/* Begin PBXGroup section */
		29FC9A1443C5BF4248721E1B /* Frameworks */ = {
			isa = PBXGroup;
			children = (
				AE4DDA6EC28530928BD48891 /* Pods_breakpoint.framework */,
			);
			name = Frameworks;
			sourceTree = "<group>";
		};
		45CD309D3A910B9BCACAF06A /* Pods */ = {
			isa = PBXGroup;
			children = (
				0916501B8EE5AF7E69A462BF /* Pods-breakpoint.debug.xcconfig */,
				06DAEE90D79EBE84BB88613B /* Pods-breakpoint.release.xcconfig */,
			);
			name = Pods;
			sourceTree = "<group>";
		};
		CE57ADCD1FBBA771009A7813 = {
			isa = PBXGroup;
			children = (
				CE57ADD81FBBA772009A7813 /* breakpoint */,
				CE57ADD71FBBA772009A7813 /* Products */,
				45CD309D3A910B9BCACAF06A /* Pods */,
				29FC9A1443C5BF4248721E1B /* Frameworks */,
			);
			sourceTree = "<group>";
		};
		CE57ADD71FBBA772009A7813 /* Products */ = {
			isa = PBXGroup;
			children = (
				CE57ADD61FBBA772009A7813 /* breakpoint.app */,
			);
			name = Products;
			sourceTree = "<group>";
		};
		CE57ADD81FBBA772009A7813 /* breakpoint */ = {
			isa = PBXGroup;
			children = (
				CE57ADF11FBBA832009A7813 /* services */,
				CE57ADF01FBBA806009A7813 /* extensions */,
				CE57ADEF1FBBA7F1009A7813 /* model */,
				CE57ADEE1FBBA7E9009A7813 /* View */,
				CE57ADED1FBBA7D3009A7813 /* controller */,
				CE57ADD91FBBA772009A7813 /* AppDelegate.swift */,
				CE57ADDF1FBBA772009A7813 /* Main.storyboard */,
				CE57ADE21FBBA772009A7813 /* Assets.xcassets */,
				CE57ADE41FBBA772009A7813 /* LaunchScreen.storyboard */,
				CE57ADE71FBBA772009A7813 /* Info.plist */,
				CE57ADF21FBBB10B009A7813 /* GoogleService-Info.plist */,
			);
			path = breakpoint;
			sourceTree = "<group>";
		};
		CE57ADED1FBBA7D3009A7813 /* controller */ = {
			isa = PBXGroup;
			children = (
				CE57ADDB1FBBA772009A7813 /* FeedVC.swift */,
				CE57ADDD1FBBA772009A7813 /* GroupsVC.swift */,
				CE139C291FBCB74400854648 /* AuthVC.swift */,
				CE139C2B1FBCB78800854648 /* LoginVC.swift */,
			);
			path = controller;
			sourceTree = "<group>";
		};
		CE57ADEE1FBBA7E9009A7813 /* View */ = {
			isa = PBXGroup;
			children = (
				CE139C2D1FBCB7E800854648 /* InsetTextField.swift */,
				CE139C2F1FBCCC4B00854648 /* ShadowView.swift */,
			);
			path = View;
			sourceTree = "<group>";
		};
		CE57ADEF1FBBA7F1009A7813 /* model */ = {
			isa = PBXGroup;
			children = (
			);
			path = model;
			sourceTree = "<group>";
		};
		CE57ADF01FBBA806009A7813 /* extensions */ = {
			isa = PBXGroup;
			children = (
			);
			path = extensions;
			sourceTree = "<group>";
		};
		CE57ADF11FBBA832009A7813 /* services */ = {
			isa = PBXGroup;
			children = (
				CE139C271FBC9EE000854648 /* DataService.swift */,
				CE139C311FBCCEB400854648 /* AuthService.swift */,
			);
			path = services;
			sourceTree = "<group>";
		};
/* End PBXGroup section */

/* Begin PBXNativeTarget section */
		CE57ADD51FBBA772009A7813 /* breakpoint */ = {
			isa = PBXNativeTarget;
			buildConfigurationList = CE57ADEA1FBBA772009A7813 /* Build configuration list for PBXNativeTarget "breakpoint" */;
			buildPhases = (
				EEE518F8532219A64D359DC5 /* [CP] Check Pods Manifest.lock */,
				CE57ADD21FBBA772009A7813 /* Sources */,
				CE57ADD31FBBA772009A7813 /* Frameworks */,
				CE57ADD41FBBA772009A7813 /* Resources */,
				8FB9213EB2C4CAA30C922281 /* [CP] Embed Pods Frameworks */,
				DAC941DEAF3EEC3DF8887A37 /* [CP] Copy Pods Resources */,
			);
			buildRules = (
			);
			dependencies = (
			);
			name = breakpoint;
			productName = breakpoint;
			productReference = CE57ADD61FBBA772009A7813 /* breakpoint.app */;
			productType = "com.apple.product-type.application";
		};
/* End PBXNativeTarget section */

/* Begin PBXProject section */
		CE57ADCE1FBBA772009A7813 /* Project object */ = {
			isa = PBXProject;
			attributes = {
				LastSwiftUpdateCheck = 0910;
				LastUpgradeCheck = 0910;
				ORGANIZATIONNAME = Andrew;
				TargetAttributes = {
					CE57ADD51FBBA772009A7813 = {
						CreatedOnToolsVersion = 9.1;
						ProvisioningStyle = Automatic;
					};
				};
			};
			buildConfigurationList = CE57ADD11FBBA772009A7813 /* Build configuration list for PBXProject "breakpoint" */;
			compatibilityVersion = "Xcode 8.0";
			developmentRegion = en;
			hasScannedForEncodings = 0;
			knownRegions = (
				en,
				Base,
			);
			mainGroup = CE57ADCD1FBBA771009A7813;
			productRefGroup = CE57ADD71FBBA772009A7813 /* Products */;
			projectDirPath = "";
			projectRoot = "";
			targets = (
				CE57ADD51FBBA772009A7813 /* breakpoint */,
			);
		};
/* End PBXProject section */

/* Begin PBXResourcesBuildPhase section */
		CE57ADD41FBBA772009A7813 /* Resources */ = {
			isa = PBXResourcesBuildPhase;
			buildActionMask = 2147483647;
			files = (
				CE57ADE61FBBA772009A7813 /* LaunchScreen.storyboard in Resources */,
				CE57ADF31FBBB10B009A7813 /* GoogleService-Info.plist in Resources */,
				CE57ADE31FBBA772009A7813 /* Assets.xcassets in Resources */,
				CE57ADE11FBBA772009A7813 /* Main.storyboard in Resources */,
			);
			runOnlyForDeploymentPostprocessing = 0;
		};
/* End PBXResourcesBuildPhase section */

/* Begin PBXShellScriptBuildPhase section */
		8FB9213EB2C4CAA30C922281 /* [CP] Embed Pods Frameworks */ = {
			isa = PBXShellScriptBuildPhase;
			buildActionMask = 2147483647;
			files = (
			);
			inputPaths = (
				"${SRCROOT}/Pods/Target Support Files/Pods-breakpoint/Pods-breakpoint-frameworks.sh",
				"${BUILT_PRODUCTS_DIR}/GTMSessionFetcher/GTMSessionFetcher.framework",
				"${BUILT_PRODUCTS_DIR}/GoogleToolboxForMac/GoogleToolboxForMac.framework",
			);
			name = "[CP] Embed Pods Frameworks";
			outputPaths = (
				"${TARGET_BUILD_DIR}/${FRAMEWORKS_FOLDER_PATH}/GTMSessionFetcher.framework",
				"${TARGET_BUILD_DIR}/${FRAMEWORKS_FOLDER_PATH}/GoogleToolboxForMac.framework",
			);
			runOnlyForDeploymentPostprocessing = 0;
			shellPath = /bin/sh;
			shellScript = "\"${SRCROOT}/Pods/Target Support Files/Pods-breakpoint/Pods-breakpoint-frameworks.sh\"\n";
			showEnvVarsInLog = 0;
		};
		DAC941DEAF3EEC3DF8887A37 /* [CP] Copy Pods Resources */ = {
			isa = PBXShellScriptBuildPhase;
			buildActionMask = 2147483647;
			files = (
			);
			inputPaths = (
			);
			name = "[CP] Copy Pods Resources";
			outputPaths = (
			);
			runOnlyForDeploymentPostprocessing = 0;
			shellPath = /bin/sh;
			shellScript = "\"${SRCROOT}/Pods/Target Support Files/Pods-breakpoint/Pods-breakpoint-resources.sh\"\n";
			showEnvVarsInLog = 0;
		};
		EEE518F8532219A64D359DC5 /* [CP] Check Pods Manifest.lock */ = {
			isa = PBXShellScriptBuildPhase;
			buildActionMask = 2147483647;
			files = (
			);
			inputPaths = (
				"${PODS_PODFILE_DIR_PATH}/Podfile.lock",
				"${PODS_ROOT}/Manifest.lock",
			);
			name = "[CP] Check Pods Manifest.lock";
			outputPaths = (
				"$(DERIVED_FILE_DIR)/Pods-breakpoint-checkManifestLockResult.txt",
			);
			runOnlyForDeploymentPostprocessing = 0;
			shellPath = /bin/sh;
			shellScript = "diff \"${PODS_PODFILE_DIR_PATH}/Podfile.lock\" \"${PODS_ROOT}/Manifest.lock\" > /dev/null\nif [ $? != 0 ] ; then\n    # print error to STDERR\n    echo \"error: The sandbox is not in sync with the Podfile.lock. Run 'pod install' or update your CocoaPods installation.\" >&2\n    exit 1\nfi\n# This output is used by Xcode 'outputs' to avoid re-running this script phase.\necho \"SUCCESS\" > \"${SCRIPT_OUTPUT_FILE_0}\"\n";
			showEnvVarsInLog = 0;
		};
/* End PBXShellScriptBuildPhase section */

/* Begin PBXSourcesBuildPhase section */
		CE57ADD21FBBA772009A7813 /* Sources */ = {
			isa = PBXSourcesBuildPhase;
			buildActionMask = 2147483647;
			files = (
				CE139C2A1FBCB74400854648 /* AuthVC.swift in Sources */,
				CE57ADDE1FBBA772009A7813 /* GroupsVC.swift in Sources */,
				CE139C2C1FBCB78800854648 /* LoginVC.swift in Sources */,
				CE139C321FBCCEB400854648 /* AuthService.swift in Sources */,
				CE57ADDA1FBBA772009A7813 /* AppDelegate.swift in Sources */,
				CE139C301FBCCC4B00854648 /* ShadowView.swift in Sources */,
				CE57ADDC1FBBA772009A7813 /* FeedVC.swift in Sources */,
				CE139C2E1FBCB7E800854648 /* InsetTextField.swift in Sources */,
				CE139C281FBC9EE000854648 /* DataService.swift in Sources */,
			);
			runOnlyForDeploymentPostprocessing = 0;
		};
/* End PBXSourcesBuildPhase section */

/* Begin PBXVariantGroup section */
		CE57ADDF1FBBA772009A7813 /* Main.storyboard */ = {
			isa = PBXVariantGroup;
			children = (
				CE57ADE01FBBA772009A7813 /* Base */,
			);
			name = Main.storyboard;
			sourceTree = "<group>";
		};
		CE57ADE41FBBA772009A7813 /* LaunchScreen.storyboard */ = {
			isa = PBXVariantGroup;
			children = (
				CE57ADE51FBBA772009A7813 /* Base */,
			);
			name = LaunchScreen.storyboard;
			sourceTree = "<group>";
		};
/* End PBXVariantGroup section */

/* Begin XCBuildConfiguration section */
		CE57ADE81FBBA772009A7813 /* Debug */ = {
			isa = XCBuildConfiguration;
			buildSettings = {
				ALWAYS_SEARCH_USER_PATHS = NO;
				CLANG_ANALYZER_NONNULL = YES;
				CLANG_ANALYZER_NUMBER_OBJECT_CONVERSION = YES_AGGRESSIVE;
				CLANG_CXX_LANGUAGE_STANDARD = "gnu++14";
				CLANG_CXX_LIBRARY = "libc++";
				CLANG_ENABLE_MODULES = YES;
				CLANG_ENABLE_OBJC_ARC = YES;
				CLANG_WARN_BLOCK_CAPTURE_AUTORELEASING = YES;
				CLANG_WARN_BOOL_CONVERSION = YES;
				CLANG_WARN_COMMA = YES;
				CLANG_WARN_CONSTANT_CONVERSION = YES;
				CLANG_WARN_DIRECT_OBJC_ISA_USAGE = YES_ERROR;
				CLANG_WARN_DOCUMENTATION_COMMENTS = YES;
				CLANG_WARN_EMPTY_BODY = YES;
				CLANG_WARN_ENUM_CONVERSION = YES;
				CLANG_WARN_INFINITE_RECURSION = YES;
				CLANG_WARN_INT_CONVERSION = YES;
				CLANG_WARN_NON_LITERAL_NULL_CONVERSION = YES;
				CLANG_WARN_OBJC_LITERAL_CONVERSION = YES;
				CLANG_WARN_OBJC_ROOT_CLASS = YES_ERROR;
				CLANG_WARN_RANGE_LOOP_ANALYSIS = YES;
				CLANG_WARN_STRICT_PROTOTYPES = YES;
				CLANG_WARN_SUSPICIOUS_MOVE = YES;
				CLANG_WARN_UNGUARDED_AVAILABILITY = YES_AGGRESSIVE;
				CLANG_WARN_UNREACHABLE_CODE = YES;
				CLANG_WARN__DUPLICATE_METHOD_MATCH = YES;
				CODE_SIGN_IDENTITY = "iPhone Developer";
				COPY_PHASE_STRIP = NO;
				DEBUG_INFORMATION_FORMAT = dwarf;
				ENABLE_STRICT_OBJC_MSGSEND = YES;
				ENABLE_TESTABILITY = YES;
				GCC_C_LANGUAGE_STANDARD = gnu11;
				GCC_DYNAMIC_NO_PIC = NO;
				GCC_NO_COMMON_BLOCKS = YES;
				GCC_OPTIMIZATION_LEVEL = 0;
				GCC_PREPROCESSOR_DEFINITIONS = (
					"DEBUG=1",
					"$(inherited)",
				);
				GCC_WARN_64_TO_32_BIT_CONVERSION = YES;
				GCC_WARN_ABOUT_RETURN_TYPE = YES_ERROR;
				GCC_WARN_UNDECLARED_SELECTOR = YES;
				GCC_WARN_UNINITIALIZED_AUTOS = YES_AGGRESSIVE;
				GCC_WARN_UNUSED_FUNCTION = YES;
				GCC_WARN_UNUSED_VARIABLE = YES;
				IPHONEOS_DEPLOYMENT_TARGET = 11.1;
				MTL_ENABLE_DEBUG_INFO = YES;
				ONLY_ACTIVE_ARCH = YES;
				SDKROOT = iphoneos;
				SWIFT_ACTIVE_COMPILATION_CONDITIONS = DEBUG;
				SWIFT_OPTIMIZATION_LEVEL = "-Onone";
			};
			name = Debug;
		};
		CE57ADE91FBBA772009A7813 /* Release */ = {
			isa = XCBuildConfiguration;
			buildSettings = {
				ALWAYS_SEARCH_USER_PATHS = NO;
				CLANG_ANALYZER_NONNULL = YES;
				CLANG_ANALYZER_NUMBER_OBJECT_CONVERSION = YES_AGGRESSIVE;
				CLANG_CXX_LANGUAGE_STANDARD = "gnu++14";
				CLANG_CXX_LIBRARY = "libc++";
				CLANG_ENABLE_MODULES = YES;
				CLANG_ENABLE_OBJC_ARC = YES;
				CLANG_WARN_BLOCK_CAPTURE_AUTORELEASING = YES;
				CLANG_WARN_BOOL_CONVERSION = YES;
				CLANG_WARN_COMMA = YES;
				CLANG_WARN_CONSTANT_CONVERSION = YES;
				CLANG_WARN_DIRECT_OBJC_ISA_USAGE = YES_ERROR;
				CLANG_WARN_DOCUMENTATION_COMMENTS = YES;
				CLANG_WARN_EMPTY_BODY = YES;
				CLANG_WARN_ENUM_CONVERSION = YES;
				CLANG_WARN_INFINITE_RECURSION = YES;
				CLANG_WARN_INT_CONVERSION = YES;
				CLANG_WARN_NON_LITERAL_NULL_CONVERSION = YES;
				CLANG_WARN_OBJC_LITERAL_CONVERSION = YES;
				CLANG_WARN_OBJC_ROOT_CLASS = YES_ERROR;
				CLANG_WARN_RANGE_LOOP_ANALYSIS = YES;
				CLANG_WARN_STRICT_PROTOTYPES = YES;
				CLANG_WARN_SUSPICIOUS_MOVE = YES;
				CLANG_WARN_UNGUARDED_AVAILABILITY = YES_AGGRESSIVE;
				CLANG_WARN_UNREACHABLE_CODE = YES;
				CLANG_WARN__DUPLICATE_METHOD_MATCH = YES;
				CODE_SIGN_IDENTITY = "iPhone Developer";
				COPY_PHASE_STRIP = NO;
				DEBUG_INFORMATION_FORMAT = "dwarf-with-dsym";
				ENABLE_NS_ASSERTIONS = NO;
				ENABLE_STRICT_OBJC_MSGSEND = YES;
				GCC_C_LANGUAGE_STANDARD = gnu11;
				GCC_NO_COMMON_BLOCKS = YES;
				GCC_WARN_64_TO_32_BIT_CONVERSION = YES;
				GCC_WARN_ABOUT_RETURN_TYPE = YES_ERROR;
				GCC_WARN_UNDECLARED_SELECTOR = YES;
				GCC_WARN_UNINITIALIZED_AUTOS = YES_AGGRESSIVE;
				GCC_WARN_UNUSED_FUNCTION = YES;
				GCC_WARN_UNUSED_VARIABLE = YES;
				IPHONEOS_DEPLOYMENT_TARGET = 11.1;
				MTL_ENABLE_DEBUG_INFO = NO;
				SDKROOT = iphoneos;
				SWIFT_OPTIMIZATION_LEVEL = "-Owholemodule";
				VALIDATE_PRODUCT = YES;
			};
			name = Release;
		};
		CE57ADEB1FBBA772009A7813 /* Debug */ = {
			isa = XCBuildConfiguration;
			baseConfigurationReference = 0916501B8EE5AF7E69A462BF /* Pods-breakpoint.debug.xcconfig */;
			buildSettings = {
				ASSETCATALOG_COMPILER_APPICON_NAME = AppIcon;
				CODE_SIGN_STYLE = Automatic;
				DEVELOPMENT_TEAM = 5JDWB348S4;
				INFOPLIST_FILE = breakpoint/Info.plist;
				LD_RUNPATH_SEARCH_PATHS = "$(inherited) @executable_path/Frameworks";
				PRODUCT_BUNDLE_IDENTIFIER = com.millerapp.breakpoint;
				PRODUCT_NAME = "$(TARGET_NAME)";
				SWIFT_VERSION = 4.0;
				TARGETED_DEVICE_FAMILY = "1,2";
			};
			name = Debug;
		};
		CE57ADEC1FBBA772009A7813 /* Release */ = {
			isa = XCBuildConfiguration;
			baseConfigurationReference = 06DAEE90D79EBE84BB88613B /* Pods-breakpoint.release.xcconfig */;
			buildSettings = {
				ASSETCATALOG_COMPILER_APPICON_NAME = AppIcon;
				CODE_SIGN_STYLE = Automatic;
				DEVELOPMENT_TEAM = 5JDWB348S4;
				INFOPLIST_FILE = breakpoint/Info.plist;
				LD_RUNPATH_SEARCH_PATHS = "$(inherited) @executable_path/Frameworks";
				PRODUCT_BUNDLE_IDENTIFIER = com.millerapp.breakpoint;
				PRODUCT_NAME = "$(TARGET_NAME)";
				SWIFT_VERSION = 4.0;
				TARGETED_DEVICE_FAMILY = "1,2";
			};
			name = Release;
		};
/* End XCBuildConfiguration section */

/* Begin XCConfigurationList section */
		CE57ADD11FBBA772009A7813 /* Build configuration list for PBXProject "breakpoint" */ = {
			isa = XCConfigurationList;
			buildConfigurations = (
				CE57ADE81FBBA772009A7813 /* Debug */,
				CE57ADE91FBBA772009A7813 /* Release */,
			);
			defaultConfigurationIsVisible = 0;
			defaultConfigurationName = Release;
		};
		CE57ADEA1FBBA772009A7813 /* Build configuration list for PBXNativeTarget "breakpoint" */ = {
			isa = XCConfigurationList;
			buildConfigurations = (
				CE57ADEB1FBBA772009A7813 /* Debug */,
				CE57ADEC1FBBA772009A7813 /* Release */,
			);
			defaultConfigurationIsVisible = 0;
			defaultConfigurationName = Release;
		};
/* End XCConfigurationList section */
	};
	rootObject = CE57ADCE1FBBA772009A7813 /* Project object */;
}
